
Microsoft Visual Studio Solution File, Format Version 12.00
# Visual Studio Version 17
VisualStudioVersion = 17.9.34714.143
MinimumVisualStudioVersion = 10.0.40219.1
Project("{9A19103F-16F7-4668-BE54-9A1E7A4F7556}") = "App", "App\App.csproj", "{1CDC9FCA-426A-4E7E-BB08-32DD920696A2}"
EndProject
Project("{9A19103F-16F7-4668-BE54-9A1E7A4F7556}") = "Ping", "Ping\Ping.csproj", "{105B0A86-7BA4-4EC3-A6A4-3C04CAD73EAA}"
EndProject
Project("{2150E333-8FDC-42A3-9474-1A3956D46DE8}") = "Chat", "Chat", "{27DB493F-8E03-47DA-B828-FE62AE70B9C8}"
EndProject
Project("{FAE04EC0-301F-11D3-BF4B-00C04F79EFBC}") = "Node", "Node\Node.csproj", "{7ACC9768-D61F-44E3-B40D-F9D2CC28242A}"
EndProject
Global
	GlobalSection(SolutionConfigurationPlatforms) = preSolution
		Debug|Any CPU = Debug|Any CPU
		Release|Any CPU = Release|Any CPU
	EndGlobalSection
	GlobalSection(ProjectConfigurationPlatforms) = postSolution
		{1CDC9FCA-426A-4E7E-BB08-32DD920696A2}.Debug|Any CPU.ActiveCfg = Debug|Any CPU
		{1CDC9FCA-426A-4E7E-BB08-32DD920696A2}.Debug|Any CPU.Build.0 = Debug|Any CPU
		{1CDC9FCA-426A-4E7E-BB08-32DD920696A2}.Release|Any CPU.ActiveCfg = Release|Any CPU
		{1CDC9FCA-426A-4E7E-BB08-32DD920696A2}.Release|Any CPU.Build.0 = Release|Any CPU
		{105B0A86-7BA4-4EC3-A6A4-3C04CAD73EAA}.Debug|Any CPU.ActiveCfg = Debug|Any CPU
		{105B0A86-7BA4-4EC3-A6A4-3C04CAD73EAA}.Debug|Any CPU.Build.0 = Debug|Any CPU
		{105B0A86-7BA4-4EC3-A6A4-3C04CAD73EAA}.Release|Any CPU.ActiveCfg = Release|Any CPU
		{105B0A86-7BA4-4EC3-A6A4-3C04CAD73EAA}.Release|Any CPU.Build.0 = Release|Any CPU
		{7ACC9768-D61F-44E3-B40D-F9D2CC28242A}.Debug|Any CPU.ActiveCfg = Debug|Any CPU
		{7ACC9768-D61F-44E3-B40D-F9D2CC28242A}.Debug|Any CPU.Build.0 = Debug|Any CPU
		{7ACC9768-D61F-44E3-B40D-F9D2CC28242A}.Release|Any CPU.ActiveCfg = Release|Any CPU
		{7ACC9768-D61F-44E3-B40D-F9D2CC28242A}.Release|Any CPU.Build.0 = Release|Any CPU
	EndGlobalSection
	GlobalSection(SolutionProperties) = preSolution
		HideSolutionNode = FALSE
	EndGlobalSection
	GlobalSection(NestedProjects) = preSolution
		{7ACC9768-D61F-44E3-B40D-F9D2CC28242A} = {27DB493F-8E03-47DA-B828-FE62AE70B9C8}
	EndGlobalSection
	GlobalSection(ExtensibilityGlobals) = postSolution
		SolutionGuid = {C5800878-0735-4D95-B634-87E05FA98730}
	EndGlobalSection
EndGlobal
